
Microsoft Visual Studio Solution File, Format Version 12.00
# Visual Studio 15
VisualStudioVersion = 15.0.28307.852
MinimumVisualStudioVersion = 10.0.40219.1
Project("{FAE04EC0-301F-11D3-BF4B-00C04F79EFBC}") = "MasterPage", "MasterPage\MasterPage.csproj", "{88005CE8-DB9E-4AA3-99DE-6565C9605AE3}"
EndProject
Project("{FAE04EC0-301F-11D3-BF4B-00C04F79EFBC}") = "Components", "Components\Components.csproj", "{BB586704-9B61-4319-84C3-D1C0826E2662}"
EndProject
Global
	GlobalSection(SolutionConfigurationPlatforms) = preSolution
		Debug|Any CPU = Debug|Any CPU
		Release|Any CPU = Release|Any CPU
	EndGlobalSection
	GlobalSection(ProjectConfigurationPlatforms) = postSolution
		{88005CE8-DB9E-4AA3-99DE-6565C9605AE3}.Debug|Any CPU.ActiveCfg = Debug|Any CPU
		{88005CE8-DB9E-4AA3-99DE-6565C9605AE3}.Debug|Any CPU.Build.0 = Debug|Any CPU
		{88005CE8-DB9E-4AA3-99DE-6565C9605AE3}.Debug|Any CPU.Deploy.0 = Debug|Any CPU
		{88005CE8-DB9E-4AA3-99DE-6565C9605AE3}.Release|Any CPU.ActiveCfg = Release|Any CPU
		{88005CE8-DB9E-4AA3-99DE-6565C9605AE3}.Release|Any CPU.Build.0 = Release|Any CPU
		{88005CE8-DB9E-4AA3-99DE-6565C9605AE3}.Release|Any CPU.Deploy.0 = Release|Any CPU
		{BB586704-9B61-4319-84C3-D1C0826E2662}.Debug|Any CPU.ActiveCfg = Debug|Any CPU
		{BB586704-9B61-4319-84C3-D1C0826E2662}.Debug|Any CPU.Build.0 = Debug|Any CPU
		{BB586704-9B61-4319-84C3-D1C0826E2662}.Debug|Any CPU.Deploy.0 = Debug|Any CPU
		{BB586704-9B61-4319-84C3-D1C0826E2662}.Release|Any CPU.ActiveCfg = Release|Any CPU
		{BB586704-9B61-4319-84C3-D1C0826E2662}.Release|Any CPU.Build.0 = Release|Any CPU
		{BB586704-9B61-4319-84C3-D1C0826E2662}.Release|Any CPU.Deploy.0 = Release|Any CPU
	EndGlobalSection
	GlobalSection(SolutionProperties) = preSolution
		HideSolutionNode = FALSE
	EndGlobalSection
	GlobalSection(ExtensibilityGlobals) = postSolution
		SolutionGuid = {7C657A92-7145-49B9-ABD7-97D739527EAA}
	EndGlobalSection
EndGlobal
