
Microsoft Visual Studio Solution File, Format Version 12.00
# Visual Studio 15
VisualStudioVersion = 15.0.28307.852
MinimumVisualStudioVersion = 10.0.40219.1
Project("{FAE04EC0-301F-11D3-BF4B-00C04F79EFBC}") = "TimerJob", "TimerJob\TimerJob.csproj", "{14EA673C-F1EE-49C9-9F4E-2B182DEAC7B6}"
EndProject
Project("{2150E333-8FDC-42A3-9474-1A3956D46DE8}") = "Scripts", "Scripts", "{28E55921-8E56-49B2-BD0C-E11D025E785A}"
	ProjectSection(SolutionItems) = preProject
		Scripts\AddPropertyBagToWeb.ps1 = Scripts\AddPropertyBagToWeb.ps1
		Scripts\CreateList.ps1 = Scripts\CreateList.ps1
	EndProjectSection
EndProject
Global
	GlobalSection(SolutionConfigurationPlatforms) = preSolution
		Debug|Any CPU = Debug|Any CPU
		Release|Any CPU = Release|Any CPU
	EndGlobalSection
	GlobalSection(ProjectConfigurationPlatforms) = postSolution
		{14EA673C-F1EE-49C9-9F4E-2B182DEAC7B6}.Debug|Any CPU.ActiveCfg = Debug|Any CPU
		{14EA673C-F1EE-49C9-9F4E-2B182DEAC7B6}.Debug|Any CPU.Build.0 = Debug|Any CPU
		{14EA673C-F1EE-49C9-9F4E-2B182DEAC7B6}.Debug|Any CPU.Deploy.0 = Debug|Any CPU
		{14EA673C-F1EE-49C9-9F4E-2B182DEAC7B6}.Release|Any CPU.ActiveCfg = Release|Any CPU
		{14EA673C-F1EE-49C9-9F4E-2B182DEAC7B6}.Release|Any CPU.Build.0 = Release|Any CPU
		{14EA673C-F1EE-49C9-9F4E-2B182DEAC7B6}.Release|Any CPU.Deploy.0 = Release|Any CPU
	EndGlobalSection
	GlobalSection(SolutionProperties) = preSolution
		HideSolutionNode = FALSE
	EndGlobalSection
	GlobalSection(ExtensibilityGlobals) = postSolution
		SolutionGuid = {0E8D0068-E441-4D8F-A5DE-17B0E404D6E3}
	EndGlobalSection
EndGlobal
