
Microsoft Visual Studio Solution File, Format Version 12.00
# Visual Studio 15
VisualStudioVersion = 15.0.28307.852
MinimumVisualStudioVersion = 10.0.40219.1
Project("{FAE04EC0-301F-11D3-BF4B-00C04F79EFBC}") = "Webpart", "Webpart\Webpart.csproj", "{3186A970-21A9-45B9-A703-16A684C77DDF}"
EndProject
Project("{2150E333-8FDC-42A3-9474-1A3956D46DE8}") = "Scripts", "Scripts", "{1A8163A6-2762-43DE-A864-6BEAFC27827D}"
	ProjectSection(SolutionItems) = preProject
		Scripts\CreateListAndAddItems.ps1 = Scripts\CreateListAndAddItems.ps1
		Scripts\GetSpecifiedItemsSupportScript.ps1 = Scripts\GetSpecifiedItemsSupportScript.ps1
		Scripts\TurnOnDeveloperdashboard.ps1 = Scripts\TurnOnDeveloperdashboard.ps1
	EndProjectSection
EndProject
Project("{FAE04EC0-301F-11D3-BF4B-00C04F79EFBC}") = "GetSpecifiedItems", "GetSpecifiedItemsWebpart\GetSpecifiedItems.csproj", "{2AB4C723-E82C-4D78-809D-C25F81F9CFD6}"
EndProject
Global
	GlobalSection(SolutionConfigurationPlatforms) = preSolution
		Debug|Any CPU = Debug|Any CPU
		Release|Any CPU = Release|Any CPU
	EndGlobalSection
	GlobalSection(ProjectConfigurationPlatforms) = postSolution
		{3186A970-21A9-45B9-A703-16A684C77DDF}.Debug|Any CPU.ActiveCfg = Debug|Any CPU
		{3186A970-21A9-45B9-A703-16A684C77DDF}.Debug|Any CPU.Build.0 = Debug|Any CPU
		{3186A970-21A9-45B9-A703-16A684C77DDF}.Debug|Any CPU.Deploy.0 = Debug|Any CPU
		{3186A970-21A9-45B9-A703-16A684C77DDF}.Release|Any CPU.ActiveCfg = Release|Any CPU
		{3186A970-21A9-45B9-A703-16A684C77DDF}.Release|Any CPU.Build.0 = Release|Any CPU
		{3186A970-21A9-45B9-A703-16A684C77DDF}.Release|Any CPU.Deploy.0 = Release|Any CPU
		{2AB4C723-E82C-4D78-809D-C25F81F9CFD6}.Debug|Any CPU.ActiveCfg = Debug|Any CPU
		{2AB4C723-E82C-4D78-809D-C25F81F9CFD6}.Debug|Any CPU.Build.0 = Debug|Any CPU
		{2AB4C723-E82C-4D78-809D-C25F81F9CFD6}.Debug|Any CPU.Deploy.0 = Debug|Any CPU
		{2AB4C723-E82C-4D78-809D-C25F81F9CFD6}.Release|Any CPU.ActiveCfg = Release|Any CPU
		{2AB4C723-E82C-4D78-809D-C25F81F9CFD6}.Release|Any CPU.Build.0 = Release|Any CPU
		{2AB4C723-E82C-4D78-809D-C25F81F9CFD6}.Release|Any CPU.Deploy.0 = Release|Any CPU
	EndGlobalSection
	GlobalSection(SolutionProperties) = preSolution
		HideSolutionNode = FALSE
	EndGlobalSection
	GlobalSection(ExtensibilityGlobals) = postSolution
		SolutionGuid = {25AFB82D-28ED-461D-9946-4A026920EB71}
	EndGlobalSection
EndGlobal
